
Microsoft Visual Studio Solution File, Format Version 12.00
# Visual Studio Version 16
VisualStudioVersion = 16.0.31129.286
MinimumVisualStudioVersion = 10.0.40219.1
Project("{FAE04EC0-301F-11D3-BF4B-00C04F79EFBC}") = "RefitExample", "RefitExample\RefitExample.csproj", "{57307D68-5EE4-4DD0-BCC6-07C18793F055}"
EndProject
Global
	GlobalSection(SolutionConfigurationPlatforms) = preSolution
		Debug|Any CPU = Debug|Any CPU
		Release|Any CPU = Release|Any CPU
	EndGlobalSection
	GlobalSection(ProjectConfigurationPlatforms) = postSolution
		{57307D68-5EE4-4DD0-BCC6-07C18793F055}.Debug|Any CPU.ActiveCfg = Debug|Any CPU
		{57307D68-5EE4-4DD0-BCC6-07C18793F055}.Debug|Any CPU.Build.0 = Debug|Any CPU
		{57307D68-5EE4-4DD0-BCC6-07C18793F055}.Release|Any CPU.ActiveCfg = Release|Any CPU
		{57307D68-5EE4-4DD0-BCC6-07C18793F055}.Release|Any CPU.Build.0 = Release|Any CPU
	EndGlobalSection
	GlobalSection(SolutionProperties) = preSolution
		HideSolutionNode = FALSE
	EndGlobalSection
	GlobalSection(ExtensibilityGlobals) = postSolution
		SolutionGuid = {B44DE128-FE74-405F-BC1E-CC2F81D1B9F8}
	EndGlobalSection
EndGlobal
